
Microsoft Visual Studio Solution File, Format Version 12.00
# Visual Studio Version 16
VisualStudioVersion = 16.0.31105.61
MinimumVisualStudioVersion = 10.0.40219.1
Project("{FAE04EC0-301F-11D3-BF4B-00C04F79EFBC}") = "SeturAssessment.ContactService", "SeturAssessment.ContactService\SeturAssessment.ContactService.csproj", "{A2FD4D33-E7A1-4892-921B-5552D131CAD4}"
EndProject
Global
	GlobalSection(SolutionConfigurationPlatforms) = preSolution
		Debug|Any CPU = Debug|Any CPU
		Release|Any CPU = Release|Any CPU
	EndGlobalSection
	GlobalSection(ProjectConfigurationPlatforms) = postSolution
		{A2FD4D33-E7A1-4892-921B-5552D131CAD4}.Debug|Any CPU.ActiveCfg = Debug|Any CPU
		{A2FD4D33-E7A1-4892-921B-5552D131CAD4}.Debug|Any CPU.Build.0 = Debug|Any CPU
		{A2FD4D33-E7A1-4892-921B-5552D131CAD4}.Release|Any CPU.ActiveCfg = Release|Any CPU
		{A2FD4D33-E7A1-4892-921B-5552D131CAD4}.Release|Any CPU.Build.0 = Release|Any CPU
	EndGlobalSection
	GlobalSection(SolutionProperties) = preSolution
		HideSolutionNode = FALSE
	EndGlobalSection
	GlobalSection(ExtensibilityGlobals) = postSolution
		SolutionGuid = {10EF1951-045C-4E63-BD7A-5493A6DF2C11}
	EndGlobalSection
EndGlobal
